
Microsoft Visual Studio Solution File, Format Version 12.00
# Visual Studio 15
VisualStudioVersion = 15.0.26430.13
MinimumVisualStudioVersion = 10.0.40219.1
Project("{FAE04EC0-301F-11D3-BF4B-00C04F79EFBC}") = "GameServer", "GameServer\GameServer.csproj", "{3DE0188C-59EF-4CA9-91CB-31D99FE43F48}"
EndProject
Project("{FAE04EC0-301F-11D3-BF4B-00C04F79EFBC}") = "AhpilyServer", "AhpilyServer\AhpilyServer.csproj", "{537A2D30-62A5-4BD0-829B-D9662447D8AF}"
EndProject
Project("{FAE04EC0-301F-11D3-BF4B-00C04F79EFBC}") = "Protocol", "Protocol\Protocol.csproj", "{1076E5F5-EEB5-4B72-A60A-7BABCEACA876}"
EndProject
Global
	GlobalSection(SolutionConfigurationPlatforms) = preSolution
		Debug|Any CPU = Debug|Any CPU
		Release|Any CPU = Release|Any CPU
	EndGlobalSection
	GlobalSection(ProjectConfigurationPlatforms) = postSolution
		{3DE0188C-59EF-4CA9-91CB-31D99FE43F48}.Debug|Any CPU.ActiveCfg = Debug|Any CPU
		{3DE0188C-59EF-4CA9-91CB-31D99FE43F48}.Debug|Any CPU.Build.0 = Debug|Any CPU
		{3DE0188C-59EF-4CA9-91CB-31D99FE43F48}.Release|Any CPU.ActiveCfg = Release|Any CPU
		{3DE0188C-59EF-4CA9-91CB-31D99FE43F48}.Release|Any CPU.Build.0 = Release|Any CPU
		{537A2D30-62A5-4BD0-829B-D9662447D8AF}.Debug|Any CPU.ActiveCfg = Debug|Any CPU
		{537A2D30-62A5-4BD0-829B-D9662447D8AF}.Debug|Any CPU.Build.0 = Debug|Any CPU
		{537A2D30-62A5-4BD0-829B-D9662447D8AF}.Release|Any CPU.ActiveCfg = Release|Any CPU
		{537A2D30-62A5-4BD0-829B-D9662447D8AF}.Release|Any CPU.Build.0 = Release|Any CPU
		{1076E5F5-EEB5-4B72-A60A-7BABCEACA876}.Debug|Any CPU.ActiveCfg = Debug|Any CPU
		{1076E5F5-EEB5-4B72-A60A-7BABCEACA876}.Debug|Any CPU.Build.0 = Debug|Any CPU
		{1076E5F5-EEB5-4B72-A60A-7BABCEACA876}.Release|Any CPU.ActiveCfg = Release|Any CPU
		{1076E5F5-EEB5-4B72-A60A-7BABCEACA876}.Release|Any CPU.Build.0 = Release|Any CPU
	EndGlobalSection
	GlobalSection(SolutionProperties) = preSolution
		HideSolutionNode = FALSE
	EndGlobalSection
	GlobalSection(ExtensibilityGlobals) = postSolution
		SolutionGuid = {7EA663B0-A668-4203-B8A6-3B9C91A08A5E}
	EndGlobalSection
EndGlobal
